
Microsoft Visual Studio Solution File, Format Version 12.00
# Visual Studio Version 17
VisualStudioVersion = 17.12.35527.113 d17.12
MinimumVisualStudioVersion = 10.0.40219.1
Project("{FAE04EC0-301F-11D3-BF4B-00C04F79EFBC}") = "PMSCore", "PMSCore\PMSCore.csproj", "{DE29EA5E-38C5-4876-B71B-7003770094D0}"
EndProject
Project("{FAE04EC0-301F-11D3-BF4B-00C04F79EFBC}") = "PMSCore.Test", "PMSCore.Test\PMSCore.Test.csproj", "{46C995FB-C439-400C-8F0F-5A91E7CAEFAB}"
EndProject
Project("{2150E333-8FDC-42A3-9474-1A3956D46DE8}") = "Solution Items", "Solution Items", "{A37AA672-F0E9-423D-B3FA-8EB2599951BE}"
EndProject
Global
	GlobalSection(SolutionConfigurationPlatforms) = preSolution
		Debug|Any CPU = Debug|Any CPU
		Release|Any CPU = Release|Any CPU
	EndGlobalSection
	GlobalSection(ProjectConfigurationPlatforms) = postSolution
		{DE29EA5E-38C5-4876-B71B-7003770094D0}.Debug|Any CPU.ActiveCfg = Debug|Any CPU
		{DE29EA5E-38C5-4876-B71B-7003770094D0}.Debug|Any CPU.Build.0 = Debug|Any CPU
		{DE29EA5E-38C5-4876-B71B-7003770094D0}.Release|Any CPU.ActiveCfg = Release|Any CPU
		{DE29EA5E-38C5-4876-B71B-7003770094D0}.Release|Any CPU.Build.0 = Release|Any CPU
		{46C995FB-C439-400C-8F0F-5A91E7CAEFAB}.Debug|Any CPU.ActiveCfg = Debug|Any CPU
		{46C995FB-C439-400C-8F0F-5A91E7CAEFAB}.Debug|Any CPU.Build.0 = Debug|Any CPU
		{46C995FB-C439-400C-8F0F-5A91E7CAEFAB}.Release|Any CPU.ActiveCfg = Release|Any CPU
		{46C995FB-C439-400C-8F0F-5A91E7CAEFAB}.Release|Any CPU.Build.0 = Release|Any CPU
	EndGlobalSection
	GlobalSection(SolutionProperties) = preSolution
		HideSolutionNode = FALSE
	EndGlobalSection
EndGlobal
